
Microsoft Visual Studio Solution File, Format Version 12.00
# Visual Studio Version 16
VisualStudioVersion = 16.0.31005.135
MinimumVisualStudioVersion = 10.0.40219.1
Project("{FAE04EC0-301F-11D3-BF4B-00C04F79EFBC}") = "SistemaHotelaria", "SistemaHotelaria\SistemaHotelaria.csproj", "{7EA75362-9AC2-4F5B-821A-6FDF5EE79AC3}"
EndProject
Global
	GlobalSection(SolutionConfigurationPlatforms) = preSolution
		Debug|Any CPU = Debug|Any CPU
		Release|Any CPU = Release|Any CPU
	EndGlobalSection
	GlobalSection(ProjectConfigurationPlatforms) = postSolution
		{7EA75362-9AC2-4F5B-821A-6FDF5EE79AC3}.Debug|Any CPU.ActiveCfg = Debug|Any CPU
		{7EA75362-9AC2-4F5B-821A-6FDF5EE79AC3}.Debug|Any CPU.Build.0 = Debug|Any CPU
		{7EA75362-9AC2-4F5B-821A-6FDF5EE79AC3}.Release|Any CPU.ActiveCfg = Release|Any CPU
		{7EA75362-9AC2-4F5B-821A-6FDF5EE79AC3}.Release|Any CPU.Build.0 = Release|Any CPU
	EndGlobalSection
	GlobalSection(SolutionProperties) = preSolution
		HideSolutionNode = FALSE
	EndGlobalSection
	GlobalSection(ExtensibilityGlobals) = postSolution
		SolutionGuid = {2021C540-0302-4D37-B597-BEB57275E954}
	EndGlobalSection
EndGlobal
